
Microsoft Visual Studio Solution File, Format Version 12.00
# Visual Studio Version 17
VisualStudioVersion = 17.3.32901.215
MinimumVisualStudioVersion = 10.0.40219.1
Project("{9A19103F-16F7-4668-BE54-9A1E7A4F7556}") = "Mostrar_numeros_primos", "Mostrar_numeros_primos\Mostrar_numeros_primos.csproj", "{661A3B98-A9B7-4FA7-A700-A81FD23F4BE2}"
EndProject
Project("{FAE04EC0-301F-11D3-BF4B-00C04F79EFBC}") = "par", "par\par.csproj", "{6E7E7A01-DB62-41AE-B41F-9D1B32B9EBB4}"
EndProject
Project("{FAE04EC0-301F-11D3-BF4B-00C04F79EFBC}") = "entradaPantalla", "entradaPantalla\entradaPantalla.csproj", "{E4D8AE91-7244-44FF-AE4F-C9106631ED33}"
EndProject
Project("{FAE04EC0-301F-11D3-BF4B-00C04F79EFBC}") = "media", "media\media.csproj", "{9F8CDE8D-E568-4B51-933C-B94E3D46DC2C}"
EndProject
Project("{FAE04EC0-301F-11D3-BF4B-00C04F79EFBC}") = "monedas", "monedas\monedas.csproj", "{795F2FF0-638C-4F6E-BB81-DEAEEBA066B5}"
EndProject
Global
	GlobalSection(SolutionConfigurationPlatforms) = preSolution
		Debug|Any CPU = Debug|Any CPU
		Release|Any CPU = Release|Any CPU
	EndGlobalSection
	GlobalSection(ProjectConfigurationPlatforms) = postSolution
		{661A3B98-A9B7-4FA7-A700-A81FD23F4BE2}.Debug|Any CPU.ActiveCfg = Debug|Any CPU
		{661A3B98-A9B7-4FA7-A700-A81FD23F4BE2}.Debug|Any CPU.Build.0 = Debug|Any CPU
		{661A3B98-A9B7-4FA7-A700-A81FD23F4BE2}.Release|Any CPU.ActiveCfg = Release|Any CPU
		{661A3B98-A9B7-4FA7-A700-A81FD23F4BE2}.Release|Any CPU.Build.0 = Release|Any CPU
		{6E7E7A01-DB62-41AE-B41F-9D1B32B9EBB4}.Debug|Any CPU.ActiveCfg = Debug|Any CPU
		{6E7E7A01-DB62-41AE-B41F-9D1B32B9EBB4}.Debug|Any CPU.Build.0 = Debug|Any CPU
		{6E7E7A01-DB62-41AE-B41F-9D1B32B9EBB4}.Release|Any CPU.ActiveCfg = Release|Any CPU
		{6E7E7A01-DB62-41AE-B41F-9D1B32B9EBB4}.Release|Any CPU.Build.0 = Release|Any CPU
		{E4D8AE91-7244-44FF-AE4F-C9106631ED33}.Debug|Any CPU.ActiveCfg = Debug|Any CPU
		{E4D8AE91-7244-44FF-AE4F-C9106631ED33}.Debug|Any CPU.Build.0 = Debug|Any CPU
		{E4D8AE91-7244-44FF-AE4F-C9106631ED33}.Release|Any CPU.ActiveCfg = Release|Any CPU
		{E4D8AE91-7244-44FF-AE4F-C9106631ED33}.Release|Any CPU.Build.0 = Release|Any CPU
		{9F8CDE8D-E568-4B51-933C-B94E3D46DC2C}.Debug|Any CPU.ActiveCfg = Debug|Any CPU
		{9F8CDE8D-E568-4B51-933C-B94E3D46DC2C}.Debug|Any CPU.Build.0 = Debug|Any CPU
		{9F8CDE8D-E568-4B51-933C-B94E3D46DC2C}.Release|Any CPU.ActiveCfg = Release|Any CPU
		{9F8CDE8D-E568-4B51-933C-B94E3D46DC2C}.Release|Any CPU.Build.0 = Release|Any CPU
		{795F2FF0-638C-4F6E-BB81-DEAEEBA066B5}.Debug|Any CPU.ActiveCfg = Debug|Any CPU
		{795F2FF0-638C-4F6E-BB81-DEAEEBA066B5}.Debug|Any CPU.Build.0 = Debug|Any CPU
		{795F2FF0-638C-4F6E-BB81-DEAEEBA066B5}.Release|Any CPU.ActiveCfg = Release|Any CPU
		{795F2FF0-638C-4F6E-BB81-DEAEEBA066B5}.Release|Any CPU.Build.0 = Release|Any CPU
	EndGlobalSection
	GlobalSection(SolutionProperties) = preSolution
		HideSolutionNode = FALSE
	EndGlobalSection
	GlobalSection(ExtensibilityGlobals) = postSolution
		SolutionGuid = {2D8C9AB4-40C9-4B12-AFDD-FC245049838A}
	EndGlobalSection
EndGlobal
